
Microsoft Visual Studio Solution File, Format Version 12.00
# Visual Studio 14
VisualStudioVersion = 14.0.23107.0
MinimumVisualStudioVersion = 10.0.40219.1
Project("{FAE04EC0-301F-11D3-BF4B-00C04F79EFBC}") = "HexMaps", "HexMaps\HexMaps.csproj", "{118C19FC-51A7-43FB-A69D-3F3FE25FC970}"
EndProject
Global
	GlobalSection(SolutionConfigurationPlatforms) = preSolution
		Debug|Any CPU = Debug|Any CPU
		Release|Any CPU = Release|Any CPU
	EndGlobalSection
	GlobalSection(ProjectConfigurationPlatforms) = postSolution
		{118C19FC-51A7-43FB-A69D-3F3FE25FC970}.Debug|Any CPU.ActiveCfg = Debug|Any CPU
		{118C19FC-51A7-43FB-A69D-3F3FE25FC970}.Debug|Any CPU.Build.0 = Debug|Any CPU
		{118C19FC-51A7-43FB-A69D-3F3FE25FC970}.Release|Any CPU.ActiveCfg = Release|Any CPU
		{118C19FC-51A7-43FB-A69D-3F3FE25FC970}.Release|Any CPU.Build.0 = Release|Any CPU
	EndGlobalSection
	GlobalSection(SolutionProperties) = preSolution
		HideSolutionNode = FALSE
	EndGlobalSection
EndGlobal
